
Microsoft Visual Studio Solution File, Format Version 12.00
# Visual Studio Version 16
VisualStudioVersion = 16.0.33801.447
MinimumVisualStudioVersion = 10.0.40219.1
Project("{9A19103F-16F7-4668-BE54-9A1E7A4F7556}") = "utilities_calculation_console_app", "utilities_calculation_console_app.csproj", "{ABF31AD5-5654-4ADC-843C-42AE2FBCD8C1}"
EndProject
Project("{FAE04EC0-301F-11D3-BF4B-00C04F79EFBC}") = "TestProject", "..\TestProject\TestProject.csproj", "{178F7F07-7361-49DD-8330-43A445997FFA}"
EndProject
Global
	GlobalSection(SolutionConfigurationPlatforms) = preSolution
		Debug|Any CPU = Debug|Any CPU
		Release|Any CPU = Release|Any CPU
	EndGlobalSection
	GlobalSection(ProjectConfigurationPlatforms) = postSolution
		{ABF31AD5-5654-4ADC-843C-42AE2FBCD8C1}.Debug|Any CPU.ActiveCfg = Debug|Any CPU
		{ABF31AD5-5654-4ADC-843C-42AE2FBCD8C1}.Debug|Any CPU.Build.0 = Debug|Any CPU
		{ABF31AD5-5654-4ADC-843C-42AE2FBCD8C1}.Release|Any CPU.ActiveCfg = Release|Any CPU
		{ABF31AD5-5654-4ADC-843C-42AE2FBCD8C1}.Release|Any CPU.Build.0 = Release|Any CPU
		{178F7F07-7361-49DD-8330-43A445997FFA}.Debug|Any CPU.ActiveCfg = Debug|Any CPU
		{178F7F07-7361-49DD-8330-43A445997FFA}.Debug|Any CPU.Build.0 = Debug|Any CPU
		{178F7F07-7361-49DD-8330-43A445997FFA}.Release|Any CPU.ActiveCfg = Release|Any CPU
		{178F7F07-7361-49DD-8330-43A445997FFA}.Release|Any CPU.Build.0 = Release|Any CPU
	EndGlobalSection
	GlobalSection(SolutionProperties) = preSolution
		HideSolutionNode = FALSE
	EndGlobalSection
	GlobalSection(ExtensibilityGlobals) = postSolution
		SolutionGuid = {67B82714-AA1E-44FE-AF02-F22E18A8BFDE}
	EndGlobalSection
EndGlobal
